// !$*UTF8*$!
{
	archiveVersion = 1;
	classes = {
	};
	objectVersion = 50;
	objects = {

/* Begin PBXBuildFile section */
		6F36294A211C81EB00A532B9 /* Medicine.swift in Sources */ = {isa = PBXBuildFile; fileRef = 6F362949211C81EB00A532B9 /* Medicine.swift */; };
		6F36294C211C828700A532B9 /* Constants.swift in Sources */ = {isa = PBXBuildFile; fileRef = 6F36294B211C828700A532B9 /* Constants.swift */; };
		6F36294E211C841300A532B9 /* TableViewCell.swift in Sources */ = {isa = PBXBuildFile; fileRef = 6F36294D211C841300A532B9 /* TableViewCell.swift */; };
		6F362950211C89EA00A532B9 /* DetailsViewController.swift in Sources */ = {isa = PBXBuildFile; fileRef = 6F36294F211C89EA00A532B9 /* DetailsViewController.swift */; };
		6F362953211C98E000A532B9 /* Connectivity.swift in Sources */ = {isa = PBXBuildFile; fileRef = 6F362952211C98E000A532B9 /* Connectivity.swift */; };
		6F8944F0211C51C7000191D7 /* AppDelegate.swift in Sources */ = {isa = PBXBuildFile; fileRef = 6F8944EF211C51C7000191D7 /* AppDelegate.swift */; };
		6F8944F2211C51C7000191D7 /* ViewController.swift in Sources */ = {isa = PBXBuildFile; fileRef = 6F8944F1211C51C7000191D7 /* ViewController.swift */; };
		6F8944F5211C51C7000191D7 /* Main.storyboard in Resources */ = {isa = PBXBuildFile; fileRef = 6F8944F3211C51C7000191D7 /* Main.storyboard */; };
		6F8944F7211C51C8000191D7 /* Assets.xcassets in Resources */ = {isa = PBXBuildFile; fileRef = 6F8944F6211C51C8000191D7 /* Assets.xcassets */; };
		6F8944FA211C51C8000191D7 /* LaunchScreen.storyboard in Resources */ = {isa = PBXBuildFile; fileRef = 6F8944F8211C51C8000191D7 /* LaunchScreen.storyboard */; };
		C08AA12A173518290BE30D4E /* Pods_FPTECH2.framework in Frameworks */ = {isa = PBXBuildFile; fileRef = F71700A82CAD4C3C731FB346 /* Pods_FPTECH2.framework */; };
/* End PBXBuildFile section */

/* Begin PBXFileReference section */
		2C63FDBCD6FE97F0A0EA6722 /* Pods-FPTECH2.debug.xcconfig */ = {isa = PBXFileReference; includeInIndex = 1; lastKnownFileType = text.xcconfig; name = "Pods-FPTECH2.debug.xcconfig"; path = "Pods/Target Support Files/Pods-FPTECH2/Pods-FPTECH2.debug.xcconfig"; sourceTree = "<group>"; };
		6F362949211C81EB00A532B9 /* Medicine.swift */ = {isa = PBXFileReference; lastKnownFileType = sourcecode.swift; path = Medicine.swift; sourceTree = "<group>"; };
		6F36294B211C828700A532B9 /* Constants.swift */ = {isa = PBXFileReference; lastKnownFileType = sourcecode.swift; path = Constants.swift; sourceTree = "<group>"; };
		6F36294D211C841300A532B9 /* TableViewCell.swift */ = {isa = PBXFileReference; lastKnownFileType = sourcecode.swift; path = TableViewCell.swift; sourceTree = "<group>"; };
		6F36294F211C89EA00A532B9 /* DetailsViewController.swift */ = {isa = PBXFileReference; lastKnownFileType = sourcecode.swift; path = DetailsViewController.swift; sourceTree = "<group>"; };
		6F362952211C98E000A532B9 /* Connectivity.swift */ = {isa = PBXFileReference; lastKnownFileType = sourcecode.swift; path = Connectivity.swift; sourceTree = "<group>"; };
		6F8944EC211C51C7000191D7 /* FPTECH2.app */ = {isa = PBXFileReference; explicitFileType = wrapper.application; includeInIndex = 0; path = FPTECH2.app; sourceTree = BUILT_PRODUCTS_DIR; };
		6F8944EF211C51C7000191D7 /* AppDelegate.swift */ = {isa = PBXFileReference; lastKnownFileType = sourcecode.swift; path = AppDelegate.swift; sourceTree = "<group>"; };
		6F8944F1211C51C7000191D7 /* ViewController.swift */ = {isa = PBXFileReference; lastKnownFileType = sourcecode.swift; path = ViewController.swift; sourceTree = "<group>"; };
		6F8944F4211C51C7000191D7 /* Base */ = {isa = PBXFileReference; lastKnownFileType = file.storyboard; name = Base; path = Base.lproj/Main.storyboard; sourceTree = "<group>"; };
		6F8944F6211C51C8000191D7 /* Assets.xcassets */ = {isa = PBXFileReference; lastKnownFileType = folder.assetcatalog; path = Assets.xcassets; sourceTree = "<group>"; };
		6F8944F9211C51C8000191D7 /* Base */ = {isa = PBXFileReference; lastKnownFileType = file.storyboard; name = Base; path = Base.lproj/LaunchScreen.storyboard; sourceTree = "<group>"; };
		6F8944FB211C51C8000191D7 /* Info.plist */ = {isa = PBXFileReference; lastKnownFileType = text.plist.xml; path = Info.plist; sourceTree = "<group>"; };
		9BD41254864B161E8E6F5DD0 /* Pods-FPTECH2.release.xcconfig */ = {isa = PBXFileReference; includeInIndex = 1; lastKnownFileType = text.xcconfig; name = "Pods-FPTECH2.release.xcconfig"; path = "Pods/Target Support Files/Pods-FPTECH2/Pods-FPTECH2.release.xcconfig"; sourceTree = "<group>"; };
		F71700A82CAD4C3C731FB346 /* Pods_FPTECH2.framework */ = {isa = PBXFileReference; explicitFileType = wrapper.framework; includeInIndex = 0; path = Pods_FPTECH2.framework; sourceTree = BUILT_PRODUCTS_DIR; };
/* End PBXFileReference section */

/* Begin PBXFrameworksBuildPhase section */
		6F8944E9211C51C7000191D7 /* Frameworks */ = {
			isa = PBXFrameworksBuildPhase;
			buildActionMask = 2147483647;
			files = (
				C08AA12A173518290BE30D4E /* Pods_FPTECH2.framework in Frameworks */,
			);
			runOnlyForDeploymentPostprocessing = 0;
		};
/* End PBXFrameworksBuildPhase section */

/* Begin PBXGroup section */
		49BF86D6E48CD06FDC32275D /* Frameworks */ = {
			isa = PBXGroup;
			children = (
				F71700A82CAD4C3C731FB346 /* Pods_FPTECH2.framework */,
			);
			name = Frameworks;
			sourceTree = "<group>";
		};
		56D5F473A7DE720B4400D38F /* Pods */ = {
			isa = PBXGroup;
			children = (
				2C63FDBCD6FE97F0A0EA6722 /* Pods-FPTECH2.debug.xcconfig */,
				9BD41254864B161E8E6F5DD0 /* Pods-FPTECH2.release.xcconfig */,
			);
			name = Pods;
			sourceTree = "<group>";
		};
		6F362951211C98CF00A532B9 /* Helpers */ = {
			isa = PBXGroup;
			children = (
				6F362952211C98E000A532B9 /* Connectivity.swift */,
			);
			path = Helpers;
			sourceTree = "<group>";
		};
		6F8944E3211C51C7000191D7 = {
			isa = PBXGroup;
			children = (
				6F8944EE211C51C7000191D7 /* FPTECH2 */,
				6F8944ED211C51C7000191D7 /* Products */,
				56D5F473A7DE720B4400D38F /* Pods */,
				49BF86D6E48CD06FDC32275D /* Frameworks */,
			);
			sourceTree = "<group>";
		};
		6F8944ED211C51C7000191D7 /* Products */ = {
			isa = PBXGroup;
			children = (
				6F8944EC211C51C7000191D7 /* FPTECH2.app */,
			);
			name = Products;
			sourceTree = "<group>";
		};
		6F8944EE211C51C7000191D7 /* FPTECH2 */ = {
			isa = PBXGroup;
			children = (
				6F362951211C98CF00A532B9 /* Helpers */,
				6F894503211C51DB000191D7 /* Views */,
				6F894502211C51D6000191D7 /* Models */,
				6F894501211C51CD000191D7 /* Controllers */,
				6F8944EF211C51C7000191D7 /* AppDelegate.swift */,
				6F8944F3211C51C7000191D7 /* Main.storyboard */,
				6F8944F6211C51C8000191D7 /* Assets.xcassets */,
				6F8944F8211C51C8000191D7 /* LaunchScreen.storyboard */,
				6F8944FB211C51C8000191D7 /* Info.plist */,
				6F36294B211C828700A532B9 /* Constants.swift */,
			);
			path = FPTECH2;
			sourceTree = "<group>";
		};
		6F894501211C51CD000191D7 /* Controllers */ = {
			isa = PBXGroup;
			children = (
				6F8944F1211C51C7000191D7 /* ViewController.swift */,
				6F36294F211C89EA00A532B9 /* DetailsViewController.swift */,
			);
			path = Controllers;
			sourceTree = "<group>";
		};
		6F894502211C51D6000191D7 /* Models */ = {
			isa = PBXGroup;
			children = (
				6F362949211C81EB00A532B9 /* Medicine.swift */,
			);
			path = Models;
			sourceTree = "<group>";
		};
		6F894503211C51DB000191D7 /* Views */ = {
			isa = PBXGroup;
			children = (
				6F36294D211C841300A532B9 /* TableViewCell.swift */,
			);
			path = Views;
			sourceTree = "<group>";
		};
/* End PBXGroup section */

/* Begin PBXNativeTarget section */
		6F8944EB211C51C7000191D7 /* FPTECH2 */ = {
			isa = PBXNativeTarget;
			buildConfigurationList = 6F8944FE211C51C8000191D7 /* Build configuration list for PBXNativeTarget "FPTECH2" */;
			buildPhases = (
				053DF43088191C3E1D539C13 /* [CP] Check Pods Manifest.lock */,
				6F8944E8211C51C7000191D7 /* Sources */,
				6F8944E9211C51C7000191D7 /* Frameworks */,
				6F8944EA211C51C7000191D7 /* Resources */,
				261611C6E379EDFD7CEA3F35 /* [CP] Embed Pods Frameworks */,
			);
			buildRules = (
			);
			dependencies = (
			);
			name = FPTECH2;
			productName = FPTECH2;
			productReference = 6F8944EC211C51C7000191D7 /* FPTECH2.app */;
			productType = "com.apple.product-type.application";
		};
/* End PBXNativeTarget section */

/* Begin PBXProject section */
		6F8944E4211C51C7000191D7 /* Project object */ = {
			isa = PBXProject;
			attributes = {
				LastSwiftUpdateCheck = 0940;
				LastUpgradeCheck = 0940;
				ORGANIZATIONNAME = "Manoj Bojja";
				TargetAttributes = {
					6F8944EB211C51C7000191D7 = {
						CreatedOnToolsVersion = 9.4.1;
					};
				};
			};
			buildConfigurationList = 6F8944E7211C51C7000191D7 /* Build configuration list for PBXProject "FPTECH2" */;
			compatibilityVersion = "Xcode 9.3";
			developmentRegion = en;
			hasScannedForEncodings = 0;
			knownRegions = (
				en,
				Base,
			);
			mainGroup = 6F8944E3211C51C7000191D7;
			productRefGroup = 6F8944ED211C51C7000191D7 /* Products */;
			projectDirPath = "";
			projectRoot = "";
			targets = (
				6F8944EB211C51C7000191D7 /* FPTECH2 */,
			);
		};
/* End PBXProject section */

/* Begin PBXResourcesBuildPhase section */
		6F8944EA211C51C7000191D7 /* Resources */ = {
			isa = PBXResourcesBuildPhase;
			buildActionMask = 2147483647;
			files = (
				6F8944FA211C51C8000191D7 /* LaunchScreen.storyboard in Resources */,
				6F8944F7211C51C8000191D7 /* Assets.xcassets in Resources */,
				6F8944F5211C51C7000191D7 /* Main.storyboard in Resources */,
			);
			runOnlyForDeploymentPostprocessing = 0;
		};
/* End PBXResourcesBuildPhase section */

/* Begin PBXShellScriptBuildPhase section */
		053DF43088191C3E1D539C13 /* [CP] Check Pods Manifest.lock */ = {
			isa = PBXShellScriptBuildPhase;
			buildActionMask = 2147483647;
			files = (
			);
			inputPaths = (
				"${PODS_PODFILE_DIR_PATH}/Podfile.lock",
				"${PODS_ROOT}/Manifest.lock",
			);
			name = "[CP] Check Pods Manifest.lock";
			outputPaths = (
				"$(DERIVED_FILE_DIR)/Pods-FPTECH2-checkManifestLockResult.txt",
			);
			runOnlyForDeploymentPostprocessing = 0;
			shellPath = /bin/sh;
			shellScript = "diff \"${PODS_PODFILE_DIR_PATH}/Podfile.lock\" \"${PODS_ROOT}/Manifest.lock\" > /dev/null\nif [ $? != 0 ] ; then\n    # print error to STDERR\n    echo \"error: The sandbox is not in sync with the Podfile.lock. Run 'pod install' or update your CocoaPods installation.\" >&2\n    exit 1\nfi\n# This output is used by Xcode 'outputs' to avoid re-running this script phase.\necho \"SUCCESS\" > \"${SCRIPT_OUTPUT_FILE_0}\"\n";
			showEnvVarsInLog = 0;
		};
		261611C6E379EDFD7CEA3F35 /* [CP] Embed Pods Frameworks */ = {
			isa = PBXShellScriptBuildPhase;
			buildActionMask = 2147483647;
			files = (
			);
			inputPaths = (
				"${SRCROOT}/Pods/Target Support Files/Pods-FPTECH2/Pods-FPTECH2-frameworks.sh",
				"${BUILT_PRODUCTS_DIR}/Alamofire/Alamofire.framework",
			);
			name = "[CP] Embed Pods Frameworks";
			outputPaths = (
				"${TARGET_BUILD_DIR}/${FRAMEWORKS_FOLDER_PATH}/Alamofire.framework",
			);
			runOnlyForDeploymentPostprocessing = 0;
			shellPath = /bin/sh;
			shellScript = "\"${SRCROOT}/Pods/Target Support Files/Pods-FPTECH2/Pods-FPTECH2-frameworks.sh\"\n";
			showEnvVarsInLog = 0;
		};
/* End PBXShellScriptBuildPhase section */

/* Begin PBXSourcesBuildPhase section */
		6F8944E8211C51C7000191D7 /* Sources */ = {
			isa = PBXSourcesBuildPhase;
			buildActionMask = 2147483647;
			files = (
				6F36294C211C828700A532B9 /* Constants.swift in Sources */,
				6F8944F2211C51C7000191D7 /* ViewController.swift in Sources */,
				6F36294E211C841300A532B9 /* TableViewCell.swift in Sources */,
				6F362950211C89EA00A532B9 /* DetailsViewController.swift in Sources */,
				6F8944F0211C51C7000191D7 /* AppDelegate.swift in Sources */,
				6F36294A211C81EB00A532B9 /* Medicine.swift in Sources */,
				6F362953211C98E000A532B9 /* Connectivity.swift in Sources */,
			);
			runOnlyForDeploymentPostprocessing = 0;
		};
/* End PBXSourcesBuildPhase section */

/* Begin PBXVariantGroup section */
		6F8944F3211C51C7000191D7 /* Main.storyboard */ = {
			isa = PBXVariantGroup;
			children = (
				6F8944F4211C51C7000191D7 /* Base */,
			);
			name = Main.storyboard;
			sourceTree = "<group>";
		};
		6F8944F8211C51C8000191D7 /* LaunchScreen.storyboard */ = {
			isa = PBXVariantGroup;
			children = (
				6F8944F9211C51C8000191D7 /* Base */,
			);
			name = LaunchScreen.storyboard;
			sourceTree = "<group>";
		};
/* End PBXVariantGroup section */

/* Begin XCBuildConfiguration section */
		6F8944FC211C51C8000191D7 /* Debug */ = {
			isa = XCBuildConfiguration;
			buildSettings = {
				ALWAYS_SEARCH_USER_PATHS = NO;
				CLANG_ANALYZER_NONNULL = YES;
				CLANG_ANALYZER_NUMBER_OBJECT_CONVERSION = YES_AGGRESSIVE;
				CLANG_CXX_LANGUAGE_STANDARD = "gnu++14";
				CLANG_CXX_LIBRARY = "libc++";
				CLANG_ENABLE_MODULES = YES;
				CLANG_ENABLE_OBJC_ARC = YES;
				CLANG_ENABLE_OBJC_WEAK = YES;
				CLANG_WARN_BLOCK_CAPTURE_AUTORELEASING = YES;
				CLANG_WARN_BOOL_CONVERSION = YES;
				CLANG_WARN_COMMA = YES;
				CLANG_WARN_CONSTANT_CONVERSION = YES;
				CLANG_WARN_DEPRECATED_OBJC_IMPLEMENTATIONS = YES;
				CLANG_WARN_DIRECT_OBJC_ISA_USAGE = YES_ERROR;
				CLANG_WARN_DOCUMENTATION_COMMENTS = YES;
				CLANG_WARN_EMPTY_BODY = YES;
				CLANG_WARN_ENUM_CONVERSION = YES;
				CLANG_WARN_INFINITE_RECURSION = YES;
				CLANG_WARN_INT_CONVERSION = YES;
				CLANG_WARN_NON_LITERAL_NULL_CONVERSION = YES;
				CLANG_WARN_OBJC_IMPLICIT_RETAIN_SELF = YES;
				CLANG_WARN_OBJC_LITERAL_CONVERSION = YES;
				CLANG_WARN_OBJC_ROOT_CLASS = YES_ERROR;
				CLANG_WARN_RANGE_LOOP_ANALYSIS = YES;
				CLANG_WARN_STRICT_PROTOTYPES = YES;
				CLANG_WARN_SUSPICIOUS_MOVE = YES;
				CLANG_WARN_UNGUARDED_AVAILABILITY = YES_AGGRESSIVE;
				CLANG_WARN_UNREACHABLE_CODE = YES;
				CLANG_WARN__DUPLICATE_METHOD_MATCH = YES;
				CODE_SIGN_IDENTITY = "iPhone Developer";
				COPY_PHASE_STRIP = NO;
				DEBUG_INFORMATION_FORMAT = dwarf;
				ENABLE_STRICT_OBJC_MSGSEND = YES;
				ENABLE_TESTABILITY = YES;
				GCC_C_LANGUAGE_STANDARD = gnu11;
				GCC_DYNAMIC_NO_PIC = NO;
				GCC_NO_COMMON_BLOCKS = YES;
				GCC_OPTIMIZATION_LEVEL = 0;
				GCC_PREPROCESSOR_DEFINITIONS = (
					"DEBUG=1",
					"$(inherited)",
				);
				GCC_WARN_64_TO_32_BIT_CONVERSION = YES;
				GCC_WARN_ABOUT_RETURN_TYPE = YES_ERROR;
				GCC_WARN_UNDECLARED_SELECTOR = YES;
				GCC_WARN_UNINITIALIZED_AUTOS = YES_AGGRESSIVE;
				GCC_WARN_UNUSED_FUNCTION = YES;
				GCC_WARN_UNUSED_VARIABLE = YES;
				IPHONEOS_DEPLOYMENT_TARGET = 11.4;
				MTL_ENABLE_DEBUG_INFO = YES;
				ONLY_ACTIVE_ARCH = YES;
				SDKROOT = iphoneos;
				SWIFT_ACTIVE_COMPILATION_CONDITIONS = DEBUG;
				SWIFT_OPTIMIZATION_LEVEL = "-Onone";
			};
			name = Debug;
		};
		6F8944FD211C51C8000191D7 /* Release */ = {
			isa = XCBuildConfiguration;
			buildSettings = {
				ALWAYS_SEARCH_USER_PATHS = NO;
				CLANG_ANALYZER_NONNULL = YES;
				CLANG_ANALYZER_NUMBER_OBJECT_CONVERSION = YES_AGGRESSIVE;
				CLANG_CXX_LANGUAGE_STANDARD = "gnu++14";
				CLANG_CXX_LIBRARY = "libc++";
				CLANG_ENABLE_MODULES = YES;
				CLANG_ENABLE_OBJC_ARC = YES;
				CLANG_ENABLE_OBJC_WEAK = YES;
				CLANG_WARN_BLOCK_CAPTURE_AUTORELEASING = YES;
				CLANG_WARN_BOOL_CONVERSION = YES;
				CLANG_WARN_COMMA = YES;
				CLANG_WARN_CONSTANT_CONVERSION = YES;
				CLANG_WARN_DEPRECATED_OBJC_IMPLEMENTATIONS = YES;
				CLANG_WARN_DIRECT_OBJC_ISA_USAGE = YES_ERROR;
				CLANG_WARN_DOCUMENTATION_COMMENTS = YES;
				CLANG_WARN_EMPTY_BODY = YES;
				CLANG_WARN_ENUM_CONVERSION = YES;
				CLANG_WARN_INFINITE_RECURSION = YES;
				CLANG_WARN_INT_CONVERSION = YES;
				CLANG_WARN_NON_LITERAL_NULL_CONVERSION = YES;
				CLANG_WARN_OBJC_IMPLICIT_RETAIN_SELF = YES;
				CLANG_WARN_OBJC_LITERAL_CONVERSION = YES;
				CLANG_WARN_OBJC_ROOT_CLASS = YES_ERROR;
				CLANG_WARN_RANGE_LOOP_ANALYSIS = YES;
				CLANG_WARN_STRICT_PROTOTYPES = YES;
				CLANG_WARN_SUSPICIOUS_MOVE = YES;
				CLANG_WARN_UNGUARDED_AVAILABILITY = YES_AGGRESSIVE;
				CLANG_WARN_UNREACHABLE_CODE = YES;
				CLANG_WARN__DUPLICATE_METHOD_MATCH = YES;
				CODE_SIGN_IDENTITY = "iPhone Developer";
				COPY_PHASE_STRIP = NO;
				DEBUG_INFORMATION_FORMAT = "dwarf-with-dsym";
				ENABLE_NS_ASSERTIONS = NO;
				ENABLE_STRICT_OBJC_MSGSEND = YES;
				GCC_C_LANGUAGE_STANDARD = gnu11;
				GCC_NO_COMMON_BLOCKS = YES;
				GCC_WARN_64_TO_32_BIT_CONVERSION = YES;
				GCC_WARN_ABOUT_RETURN_TYPE = YES_ERROR;
				GCC_WARN_UNDECLARED_SELECTOR = YES;
				GCC_WARN_UNINITIALIZED_AUTOS = YES_AGGRESSIVE;
				GCC_WARN_UNUSED_FUNCTION = YES;
				GCC_WARN_UNUSED_VARIABLE = YES;
				IPHONEOS_DEPLOYMENT_TARGET = 11.4;
				MTL_ENABLE_DEBUG_INFO = NO;
				SDKROOT = iphoneos;
				SWIFT_COMPILATION_MODE = wholemodule;
				SWIFT_OPTIMIZATION_LEVEL = "-O";
				VALIDATE_PRODUCT = YES;
			};
			name = Release;
		};
		6F8944FF211C51C8000191D7 /* Debug */ = {
			isa = XCBuildConfiguration;
			baseConfigurationReference = 2C63FDBCD6FE97F0A0EA6722 /* Pods-FPTECH2.debug.xcconfig */;
			buildSettings = {
				ASSETCATALOG_COMPILER_APPICON_NAME = AppIcon;
				CODE_SIGN_STYLE = Automatic;
				INFOPLIST_FILE = FPTECH2/Info.plist;
				LD_RUNPATH_SEARCH_PATHS = (
					"$(inherited)",
					"@executable_path/Frameworks",
				);
				PRODUCT_BUNDLE_IDENTIFIER = miraclepills.FPTECH2;
				PRODUCT_NAME = "$(TARGET_NAME)";
				SWIFT_VERSION = 4.0;
				TARGETED_DEVICE_FAMILY = "1,2";
			};
			name = Debug;
		};
		6F894500211C51C8000191D7 /* Release */ = {
			isa = XCBuildConfiguration;
			baseConfigurationReference = 9BD41254864B161E8E6F5DD0 /* Pods-FPTECH2.release.xcconfig */;
			buildSettings = {
				ASSETCATALOG_COMPILER_APPICON_NAME = AppIcon;
				CODE_SIGN_STYLE = Automatic;
				INFOPLIST_FILE = FPTECH2/Info.plist;
				LD_RUNPATH_SEARCH_PATHS = (
					"$(inherited)",
					"@executable_path/Frameworks",
				);
				PRODUCT_BUNDLE_IDENTIFIER = miraclepills.FPTECH2;
				PRODUCT_NAME = "$(TARGET_NAME)";
				SWIFT_VERSION = 4.0;
				TARGETED_DEVICE_FAMILY = "1,2";
			};
			name = Release;
		};
/* End XCBuildConfiguration section */

/* Begin XCConfigurationList section */
		6F8944E7211C51C7000191D7 /* Build configuration list for PBXProject "FPTECH2" */ = {
			isa = XCConfigurationList;
			buildConfigurations = (
				6F8944FC211C51C8000191D7 /* Debug */,
				6F8944FD211C51C8000191D7 /* Release */,
			);
			defaultConfigurationIsVisible = 0;
			defaultConfigurationName = Release;
		};
		6F8944FE211C51C8000191D7 /* Build configuration list for PBXNativeTarget "FPTECH2" */ = {
			isa = XCConfigurationList;
			buildConfigurations = (
				6F8944FF211C51C8000191D7 /* Debug */,
				6F894500211C51C8000191D7 /* Release */,
			);
			defaultConfigurationIsVisible = 0;
			defaultConfigurationName = Release;
		};
/* End XCConfigurationList section */
	};
	rootObject = 6F8944E4211C51C7000191D7 /* Project object */;
}
